// !$*UTF8*$!
{
	archiveVersion = 1;
	classes = {
	};
	objectVersion = 56;
	objects = {

/* Begin PBXBuildFile section */
		AFE14B962A3B6FCD00CD33D4 /* AppDelegate.swift in Sources */ = {isa = PBXBuildFile; fileRef = AFE14B952A3B6FCD00CD33D4 /* AppDelegate.swift */; };
		AFE14B982A3B6FCD00CD33D4 /* SceneDelegate.swift in Sources */ = {isa = PBXBuildFile; fileRef = AFE14B972A3B6FCD00CD33D4 /* SceneDelegate.swift */; };
		AFE14B9F2A3B6FCE00CD33D4 /* Assets.xcassets in Resources */ = {isa = PBXBuildFile; fileRef = AFE14B9E2A3B6FCE00CD33D4 /* Assets.xcassets */; };
		AFE14BA22A3B6FCE00CD33D4 /* LaunchScreen.storyboard in Resources */ = {isa = PBXBuildFile; fileRef = AFE14BA02A3B6FCE00CD33D4 /* LaunchScreen.storyboard */; };
		AFE14BB42A3B719500CD33D4 /* CryptoTrackerViewController.swift in Sources */ = {isa = PBXBuildFile; fileRef = AFE14BB32A3B719500CD33D4 /* CryptoTrackerViewController.swift */; };
		AFE14BB72A3B71BC00CD33D4 /* ViewConfiguration.swift in Sources */ = {isa = PBXBuildFile; fileRef = AFE14BB62A3B71BC00CD33D4 /* ViewConfiguration.swift */; };
		AFE14BB92A3B783E00CD33D4 /* CoinModel.swift in Sources */ = {isa = PBXBuildFile; fileRef = AFE14BB82A3B783E00CD33D4 /* CoinModel.swift */; };
		AFE14BBD2A3B7AD800CD33D4 /* CryptoTrackerViewModel.swift in Sources */ = {isa = PBXBuildFile; fileRef = AFE14BBC2A3B7AD800CD33D4 /* CryptoTrackerViewModel.swift */; };
/* End PBXBuildFile section */

/* Begin PBXFileReference section */
		AFE14B922A3B6FCD00CD33D4 /* CryptoTracker.app */ = {isa = PBXFileReference; explicitFileType = wrapper.application; includeInIndex = 0; path = CryptoTracker.app; sourceTree = BUILT_PRODUCTS_DIR; };
		AFE14B952A3B6FCD00CD33D4 /* AppDelegate.swift */ = {isa = PBXFileReference; lastKnownFileType = sourcecode.swift; path = AppDelegate.swift; sourceTree = "<group>"; };
		AFE14B972A3B6FCD00CD33D4 /* SceneDelegate.swift */ = {isa = PBXFileReference; lastKnownFileType = sourcecode.swift; path = SceneDelegate.swift; sourceTree = "<group>"; };
		AFE14B9E2A3B6FCE00CD33D4 /* Assets.xcassets */ = {isa = PBXFileReference; lastKnownFileType = folder.assetcatalog; path = Assets.xcassets; sourceTree = "<group>"; };
		AFE14BA12A3B6FCE00CD33D4 /* Base */ = {isa = PBXFileReference; lastKnownFileType = file.storyboard; name = Base; path = Base.lproj/LaunchScreen.storyboard; sourceTree = "<group>"; };
		AFE14BA32A3B6FCE00CD33D4 /* Info.plist */ = {isa = PBXFileReference; lastKnownFileType = text.plist.xml; path = Info.plist; sourceTree = "<group>"; };
		AFE14BB32A3B719500CD33D4 /* CryptoTrackerViewController.swift */ = {isa = PBXFileReference; lastKnownFileType = sourcecode.swift; path = CryptoTrackerViewController.swift; sourceTree = "<group>"; };
		AFE14BB62A3B71BC00CD33D4 /* ViewConfiguration.swift */ = {isa = PBXFileReference; lastKnownFileType = sourcecode.swift; path = ViewConfiguration.swift; sourceTree = "<group>"; };
		AFE14BB82A3B783E00CD33D4 /* CoinModel.swift */ = {isa = PBXFileReference; lastKnownFileType = sourcecode.swift; path = CoinModel.swift; sourceTree = "<group>"; };
		AFE14BBC2A3B7AD800CD33D4 /* CryptoTrackerViewModel.swift */ = {isa = PBXFileReference; lastKnownFileType = sourcecode.swift; path = CryptoTrackerViewModel.swift; sourceTree = "<group>"; };
/* End PBXFileReference section */

/* Begin PBXFrameworksBuildPhase section */
		AFE14B8F2A3B6FCD00CD33D4 /* Frameworks */ = {
			isa = PBXFrameworksBuildPhase;
			buildActionMask = 2147483647;
			files = (
			);
			runOnlyForDeploymentPostprocessing = 0;
		};
/* End PBXFrameworksBuildPhase section */

/* Begin PBXGroup section */
		AFE14B892A3B6FCD00CD33D4 = {
			isa = PBXGroup;
			children = (
				AFE14B942A3B6FCD00CD33D4 /* CryptoTracker */,
				AFE14B932A3B6FCD00CD33D4 /* Products */,
			);
			sourceTree = "<group>";
		};
		AFE14B932A3B6FCD00CD33D4 /* Products */ = {
			isa = PBXGroup;
			children = (
				AFE14B922A3B6FCD00CD33D4 /* CryptoTracker.app */,
			);
			name = Products;
			sourceTree = "<group>";
		};
		AFE14B942A3B6FCD00CD33D4 /* CryptoTracker */ = {
			isa = PBXGroup;
			children = (
				AFE14BB52A3B71AB00CD33D4 /* Core */,
				AFE14BAB2A3B704500CD33D4 /* Start */,
				AFE14BAA2A3B704100CD33D4 /* Features */,
				AFE14BA92A3B703E00CD33D4 /* SupportingFiles */,
			);
			path = CryptoTracker;
			sourceTree = "<group>";
		};
		AFE14BA92A3B703E00CD33D4 /* SupportingFiles */ = {
			isa = PBXGroup;
			children = (
				AFE14B9E2A3B6FCE00CD33D4 /* Assets.xcassets */,
				AFE14BA02A3B6FCE00CD33D4 /* LaunchScreen.storyboard */,
				AFE14BA32A3B6FCE00CD33D4 /* Info.plist */,
			);
			path = SupportingFiles;
			sourceTree = "<group>";
		};
		AFE14BAA2A3B704100CD33D4 /* Features */ = {
			isa = PBXGroup;
			children = (
				AFE14BAC2A3B705800CD33D4 /* Scene */,
			);
			path = Features;
			sourceTree = "<group>";
		};
		AFE14BAB2A3B704500CD33D4 /* Start */ = {
			isa = PBXGroup;
			children = (
				AFE14B952A3B6FCD00CD33D4 /* AppDelegate.swift */,
				AFE14B972A3B6FCD00CD33D4 /* SceneDelegate.swift */,
			);
			path = Start;
			sourceTree = "<group>";
		};
		AFE14BAC2A3B705800CD33D4 /* Scene */ = {
			isa = PBXGroup;
			children = (
				AFE14BAD2A3B715100CD33D4 /* Crypto */,
			);
			path = Scene;
			sourceTree = "<group>";
		};
		AFE14BAD2A3B715100CD33D4 /* Crypto */ = {
			isa = PBXGroup;
			children = (
				AFE14BB22A3B716E00CD33D4 /* Domain */,
				AFE14BB02A3B716400CD33D4 /* Service */,
				AFE14BAF2A3B716000CD33D4 /* Presentation */,
				AFE14BAE2A3B715D00CD33D4 /* UI */,
			);
			path = Crypto;
			sourceTree = "<group>";
		};
		AFE14BAE2A3B715D00CD33D4 /* UI */ = {
			isa = PBXGroup;
			children = (
				AFE14BB32A3B719500CD33D4 /* CryptoTrackerViewController.swift */,
			);
			path = UI;
			sourceTree = "<group>";
		};
		AFE14BAF2A3B716000CD33D4 /* Presentation */ = {
			isa = PBXGroup;
			children = (
				AFE14BBC2A3B7AD800CD33D4 /* CryptoTrackerViewModel.swift */,
			);
			path = Presentation;
			sourceTree = "<group>";
		};
		AFE14BB02A3B716400CD33D4 /* Service */ = {
			isa = PBXGroup;
			children = (
			);
			path = Service;
			sourceTree = "<group>";
		};
		AFE14BB22A3B716E00CD33D4 /* Domain */ = {
			isa = PBXGroup;
			children = (
				AFE14BB82A3B783E00CD33D4 /* CoinModel.swift */,
			);
			path = Domain;
			sourceTree = "<group>";
		};
		AFE14BB52A3B71AB00CD33D4 /* Core */ = {
			isa = PBXGroup;
			children = (
				AFE14BB62A3B71BC00CD33D4 /* ViewConfiguration.swift */,
			);
			path = Core;
			sourceTree = "<group>";
		};
/* End PBXGroup section */

/* Begin PBXNativeTarget section */
		AFE14B912A3B6FCD00CD33D4 /* CryptoTracker */ = {
			isa = PBXNativeTarget;
			buildConfigurationList = AFE14BA62A3B6FCE00CD33D4 /* Build configuration list for PBXNativeTarget "CryptoTracker" */;
			buildPhases = (
				AFE14B8E2A3B6FCD00CD33D4 /* Sources */,
				AFE14B8F2A3B6FCD00CD33D4 /* Frameworks */,
				AFE14B902A3B6FCD00CD33D4 /* Resources */,
			);
			buildRules = (
			);
			dependencies = (
			);
			name = CryptoTracker;
			productName = CryptoTracker;
			productReference = AFE14B922A3B6FCD00CD33D4 /* CryptoTracker.app */;
			productType = "com.apple.product-type.application";
		};
/* End PBXNativeTarget section */

/* Begin PBXProject section */
		AFE14B8A2A3B6FCD00CD33D4 /* Project object */ = {
			isa = PBXProject;
			attributes = {
				BuildIndependentTargetsInParallel = 1;
				LastSwiftUpdateCheck = 1430;
				LastUpgradeCheck = 1430;
				TargetAttributes = {
					AFE14B912A3B6FCD00CD33D4 = {
						CreatedOnToolsVersion = 14.3;
					};
				};
			};
			buildConfigurationList = AFE14B8D2A3B6FCD00CD33D4 /* Build configuration list for PBXProject "CryptoTracker" */;
			compatibilityVersion = "Xcode 14.0";
			developmentRegion = en;
			hasScannedForEncodings = 0;
			knownRegions = (
				en,
				Base,
			);
			mainGroup = AFE14B892A3B6FCD00CD33D4;
			productRefGroup = AFE14B932A3B6FCD00CD33D4 /* Products */;
			projectDirPath = "";
			projectRoot = "";
			targets = (
				AFE14B912A3B6FCD00CD33D4 /* CryptoTracker */,
			);
		};
/* End PBXProject section */

/* Begin PBXResourcesBuildPhase section */
		AFE14B902A3B6FCD00CD33D4 /* Resources */ = {
			isa = PBXResourcesBuildPhase;
			buildActionMask = 2147483647;
			files = (
				AFE14BA22A3B6FCE00CD33D4 /* LaunchScreen.storyboard in Resources */,
				AFE14B9F2A3B6FCE00CD33D4 /* Assets.xcassets in Resources */,
			);
			runOnlyForDeploymentPostprocessing = 0;
		};
/* End PBXResourcesBuildPhase section */

/* Begin PBXSourcesBuildPhase section */
		AFE14B8E2A3B6FCD00CD33D4 /* Sources */ = {
			isa = PBXSourcesBuildPhase;
			buildActionMask = 2147483647;
			files = (
				AFE14BB92A3B783E00CD33D4 /* CoinModel.swift in Sources */,
				AFE14BBD2A3B7AD800CD33D4 /* CryptoTrackerViewModel.swift in Sources */,
				AFE14B962A3B6FCD00CD33D4 /* AppDelegate.swift in Sources */,
				AFE14BB72A3B71BC00CD33D4 /* ViewConfiguration.swift in Sources */,
				AFE14B982A3B6FCD00CD33D4 /* SceneDelegate.swift in Sources */,
				AFE14BB42A3B719500CD33D4 /* CryptoTrackerViewController.swift in Sources */,
			);
			runOnlyForDeploymentPostprocessing = 0;
		};
/* End PBXSourcesBuildPhase section */

/* Begin PBXVariantGroup section */
		AFE14BA02A3B6FCE00CD33D4 /* LaunchScreen.storyboard */ = {
			isa = PBXVariantGroup;
			children = (
				AFE14BA12A3B6FCE00CD33D4 /* Base */,
			);
			name = LaunchScreen.storyboard;
			sourceTree = "<group>";
		};
/* End PBXVariantGroup section */

/* Begin XCBuildConfiguration section */
		AFE14BA42A3B6FCE00CD33D4 /* Debug */ = {
			isa = XCBuildConfiguration;
			buildSettings = {
				ALWAYS_SEARCH_USER_PATHS = NO;
				CLANG_ANALYZER_NONNULL = YES;
				CLANG_ANALYZER_NUMBER_OBJECT_CONVERSION = YES_AGGRESSIVE;
				CLANG_CXX_LANGUAGE_STANDARD = "gnu++20";
				CLANG_ENABLE_MODULES = YES;
				CLANG_ENABLE_OBJC_ARC = YES;
				CLANG_ENABLE_OBJC_WEAK = YES;
				CLANG_WARN_BLOCK_CAPTURE_AUTORELEASING = YES;
				CLANG_WARN_BOOL_CONVERSION = YES;
				CLANG_WARN_COMMA = YES;
				CLANG_WARN_CONSTANT_CONVERSION = YES;
				CLANG_WARN_DEPRECATED_OBJC_IMPLEMENTATIONS = YES;
				CLANG_WARN_DIRECT_OBJC_ISA_USAGE = YES_ERROR;
				CLANG_WARN_DOCUMENTATION_COMMENTS = YES;
				CLANG_WARN_EMPTY_BODY = YES;
				CLANG_WARN_ENUM_CONVERSION = YES;
				CLANG_WARN_INFINITE_RECURSION = YES;
				CLANG_WARN_INT_CONVERSION = YES;
				CLANG_WARN_NON_LITERAL_NULL_CONVERSION = YES;
				CLANG_WARN_OBJC_IMPLICIT_RETAIN_SELF = YES;
				CLANG_WARN_OBJC_LITERAL_CONVERSION = YES;
				CLANG_WARN_OBJC_ROOT_CLASS = YES_ERROR;
				CLANG_WARN_QUOTED_INCLUDE_IN_FRAMEWORK_HEADER = YES;
				CLANG_WARN_RANGE_LOOP_ANALYSIS = YES;
				CLANG_WARN_STRICT_PROTOTYPES = YES;
				CLANG_WARN_SUSPICIOUS_MOVE = YES;
				CLANG_WARN_UNGUARDED_AVAILABILITY = YES_AGGRESSIVE;
				CLANG_WARN_UNREACHABLE_CODE = YES;
				CLANG_WARN__DUPLICATE_METHOD_MATCH = YES;
				COPY_PHASE_STRIP = NO;
				DEBUG_INFORMATION_FORMAT = dwarf;
				ENABLE_STRICT_OBJC_MSGSEND = YES;
				ENABLE_TESTABILITY = YES;
				GCC_C_LANGUAGE_STANDARD = gnu11;
				GCC_DYNAMIC_NO_PIC = NO;
				GCC_NO_COMMON_BLOCKS = YES;
				GCC_OPTIMIZATION_LEVEL = 0;
				GCC_PREPROCESSOR_DEFINITIONS = (
					"DEBUG=1",
					"$(inherited)",
				);
				GCC_WARN_64_TO_32_BIT_CONVERSION = YES;
				GCC_WARN_ABOUT_RETURN_TYPE = YES_ERROR;
				GCC_WARN_UNDECLARED_SELECTOR = YES;
				GCC_WARN_UNINITIALIZED_AUTOS = YES_AGGRESSIVE;
				GCC_WARN_UNUSED_FUNCTION = YES;
				GCC_WARN_UNUSED_VARIABLE = YES;
				IPHONEOS_DEPLOYMENT_TARGET = 16.4;
				MTL_ENABLE_DEBUG_INFO = INCLUDE_SOURCE;
				MTL_FAST_MATH = YES;
				ONLY_ACTIVE_ARCH = YES;
				SDKROOT = iphoneos;
				SWIFT_ACTIVE_COMPILATION_CONDITIONS = DEBUG;
				SWIFT_OPTIMIZATION_LEVEL = "-Onone";
			};
			name = Debug;
		};
		AFE14BA52A3B6FCE00CD33D4 /* Release */ = {
			isa = XCBuildConfiguration;
			buildSettings = {
				ALWAYS_SEARCH_USER_PATHS = NO;
				CLANG_ANALYZER_NONNULL = YES;
				CLANG_ANALYZER_NUMBER_OBJECT_CONVERSION = YES_AGGRESSIVE;
				CLANG_CXX_LANGUAGE_STANDARD = "gnu++20";
				CLANG_ENABLE_MODULES = YES;
				CLANG_ENABLE_OBJC_ARC = YES;
				CLANG_ENABLE_OBJC_WEAK = YES;
				CLANG_WARN_BLOCK_CAPTURE_AUTORELEASING = YES;
				CLANG_WARN_BOOL_CONVERSION = YES;
				CLANG_WARN_COMMA = YES;
				CLANG_WARN_CONSTANT_CONVERSION = YES;
				CLANG_WARN_DEPRECATED_OBJC_IMPLEMENTATIONS = YES;
				CLANG_WARN_DIRECT_OBJC_ISA_USAGE = YES_ERROR;
				CLANG_WARN_DOCUMENTATION_COMMENTS = YES;
				CLANG_WARN_EMPTY_BODY = YES;
				CLANG_WARN_ENUM_CONVERSION = YES;
				CLANG_WARN_INFINITE_RECURSION = YES;
				CLANG_WARN_INT_CONVERSION = YES;
				CLANG_WARN_NON_LITERAL_NULL_CONVERSION = YES;
				CLANG_WARN_OBJC_IMPLICIT_RETAIN_SELF = YES;
				CLANG_WARN_OBJC_LITERAL_CONVERSION = YES;
				CLANG_WARN_OBJC_ROOT_CLASS = YES_ERROR;
				CLANG_WARN_QUOTED_INCLUDE_IN_FRAMEWORK_HEADER = YES;
				CLANG_WARN_RANGE_LOOP_ANALYSIS = YES;
				CLANG_WARN_STRICT_PROTOTYPES = YES;
				CLANG_WARN_SUSPICIOUS_MOVE = YES;
				CLANG_WARN_UNGUARDED_AVAILABILITY = YES_AGGRESSIVE;
				CLANG_WARN_UNREACHABLE_CODE = YES;
				CLANG_WARN__DUPLICATE_METHOD_MATCH = YES;
				COPY_PHASE_STRIP = NO;
				DEBUG_INFORMATION_FORMAT = "dwarf-with-dsym";
				ENABLE_NS_ASSERTIONS = NO;
				ENABLE_STRICT_OBJC_MSGSEND = YES;
				GCC_C_LANGUAGE_STANDARD = gnu11;
				GCC_NO_COMMON_BLOCKS = YES;
				GCC_WARN_64_TO_32_BIT_CONVERSION = YES;
				GCC_WARN_ABOUT_RETURN_TYPE = YES_ERROR;
				GCC_WARN_UNDECLARED_SELECTOR = YES;
				GCC_WARN_UNINITIALIZED_AUTOS = YES_AGGRESSIVE;
				GCC_WARN_UNUSED_FUNCTION = YES;
				GCC_WARN_UNUSED_VARIABLE = YES;
				IPHONEOS_DEPLOYMENT_TARGET = 16.4;
				MTL_ENABLE_DEBUG_INFO = NO;
				MTL_FAST_MATH = YES;
				SDKROOT = iphoneos;
				SWIFT_COMPILATION_MODE = wholemodule;
				SWIFT_OPTIMIZATION_LEVEL = "-O";
				VALIDATE_PRODUCT = YES;
			};
			name = Release;
		};
		AFE14BA72A3B6FCE00CD33D4 /* Debug */ = {
			isa = XCBuildConfiguration;
			buildSettings = {
				ASSETCATALOG_COMPILER_APPICON_NAME = AppIcon;
				ASSETCATALOG_COMPILER_GLOBAL_ACCENT_COLOR_NAME = AccentColor;
				CODE_SIGN_STYLE = Automatic;
				CURRENT_PROJECT_VERSION = 1;
				DEVELOPMENT_TEAM = C268D3L4YC;
				GENERATE_INFOPLIST_FILE = YES;
				INFOPLIST_FILE = CryptoTracker/SupportingFiles/Info.plist;
				INFOPLIST_KEY_UIApplicationSupportsIndirectInputEvents = YES;
				INFOPLIST_KEY_UILaunchStoryboardName = LaunchScreen;
				INFOPLIST_KEY_UIMainStoryboardFile = "";
				INFOPLIST_KEY_UISupportedInterfaceOrientations_iPad = "UIInterfaceOrientationPortrait UIInterfaceOrientationPortraitUpsideDown UIInterfaceOrientationLandscapeLeft UIInterfaceOrientationLandscapeRight";
				INFOPLIST_KEY_UISupportedInterfaceOrientations_iPhone = "UIInterfaceOrientationPortrait UIInterfaceOrientationLandscapeLeft UIInterfaceOrientationLandscapeRight";
				LD_RUNPATH_SEARCH_PATHS = (
					"$(inherited)",
					"@executable_path/Frameworks",
				);
				MARKETING_VERSION = 1.0;
				PRODUCT_BUNDLE_IDENTIFIER = com.thiagomonteiro.CryptoTracker;
				PRODUCT_NAME = "$(TARGET_NAME)";
				SWIFT_EMIT_LOC_STRINGS = YES;
				SWIFT_VERSION = 5.0;
				TARGETED_DEVICE_FAMILY = "1,2";
			};
			name = Debug;
		};
		AFE14BA82A3B6FCE00CD33D4 /* Release */ = {
			isa = XCBuildConfiguration;
			buildSettings = {
				ASSETCATALOG_COMPILER_APPICON_NAME = AppIcon;
				ASSETCATALOG_COMPILER_GLOBAL_ACCENT_COLOR_NAME = AccentColor;
				CODE_SIGN_STYLE = Automatic;
				CURRENT_PROJECT_VERSION = 1;
				DEVELOPMENT_TEAM = C268D3L4YC;
				GENERATE_INFOPLIST_FILE = YES;
				INFOPLIST_FILE = CryptoTracker/SupportingFiles/Info.plist;
				INFOPLIST_KEY_UIApplicationSupportsIndirectInputEvents = YES;
				INFOPLIST_KEY_UILaunchStoryboardName = LaunchScreen;
				INFOPLIST_KEY_UIMainStoryboardFile = "";
				INFOPLIST_KEY_UISupportedInterfaceOrientations_iPad = "UIInterfaceOrientationPortrait UIInterfaceOrientationPortraitUpsideDown UIInterfaceOrientationLandscapeLeft UIInterfaceOrientationLandscapeRight";
				INFOPLIST_KEY_UISupportedInterfaceOrientations_iPhone = "UIInterfaceOrientationPortrait UIInterfaceOrientationLandscapeLeft UIInterfaceOrientationLandscapeRight";
				LD_RUNPATH_SEARCH_PATHS = (
					"$(inherited)",
					"@executable_path/Frameworks",
				);
				MARKETING_VERSION = 1.0;
				PRODUCT_BUNDLE_IDENTIFIER = com.thiagomonteiro.CryptoTracker;
				PRODUCT_NAME = "$(TARGET_NAME)";
				SWIFT_EMIT_LOC_STRINGS = YES;
				SWIFT_VERSION = 5.0;
				TARGETED_DEVICE_FAMILY = "1,2";
			};
			name = Release;
		};
/* End XCBuildConfiguration section */

/* Begin XCConfigurationList section */
		AFE14B8D2A3B6FCD00CD33D4 /* Build configuration list for PBXProject "CryptoTracker" */ = {
			isa = XCConfigurationList;
			buildConfigurations = (
				AFE14BA42A3B6FCE00CD33D4 /* Debug */,
				AFE14BA52A3B6FCE00CD33D4 /* Release */,
			);
			defaultConfigurationIsVisible = 0;
			defaultConfigurationName = Release;
		};
		AFE14BA62A3B6FCE00CD33D4 /* Build configuration list for PBXNativeTarget "CryptoTracker" */ = {
			isa = XCConfigurationList;
			buildConfigurations = (
				AFE14BA72A3B6FCE00CD33D4 /* Debug */,
				AFE14BA82A3B6FCE00CD33D4 /* Release */,
			);
			defaultConfigurationIsVisible = 0;
			defaultConfigurationName = Release;
		};
/* End XCConfigurationList section */
	};
	rootObject = AFE14B8A2A3B6FCD00CD33D4 /* Project object */;
}
